
Microsoft Visual Studio Solution File, Format Version 12.00
# Visual Studio Version 16
VisualStudioVersion = 16.0.31729.503
MinimumVisualStudioVersion = 10.0.40219.1
Project("{FAE04EC0-301F-11D3-BF4B-00C04F79EFBC}") = "CW2 - Getting into Git", "CW2 - Getting into Git\CW2 - Getting into Git.csproj", "{60E25B0F-0B73-41AE-A44D-C7BC6AA62434}"
EndProject
Global
	GlobalSection(SolutionConfigurationPlatforms) = preSolution
		Debug|Any CPU = Debug|Any CPU
		Release|Any CPU = Release|Any CPU
	EndGlobalSection
	GlobalSection(ProjectConfigurationPlatforms) = postSolution
		{60E25B0F-0B73-41AE-A44D-C7BC6AA62434}.Debug|Any CPU.ActiveCfg = Debug|Any CPU
		{60E25B0F-0B73-41AE-A44D-C7BC6AA62434}.Debug|Any CPU.Build.0 = Debug|Any CPU
		{60E25B0F-0B73-41AE-A44D-C7BC6AA62434}.Release|Any CPU.ActiveCfg = Release|Any CPU
		{60E25B0F-0B73-41AE-A44D-C7BC6AA62434}.Release|Any CPU.Build.0 = Release|Any CPU
	EndGlobalSection
	GlobalSection(SolutionProperties) = preSolution
		HideSolutionNode = FALSE
	EndGlobalSection
	GlobalSection(ExtensibilityGlobals) = postSolution
		SolutionGuid = {E8D1A45D-A86B-43B3-8B21-78BC76C33EFC}
	EndGlobalSection
EndGlobal
