
Microsoft Visual Studio Solution File, Format Version 12.00
# Visual Studio Version 16
VisualStudioVersion = 16.0.31729.503
MinimumVisualStudioVersion = 10.0.40219.1
Project("{FAE04EC0-301F-11D3-BF4B-00C04F79EFBC}") = "Classwork 2", "Classwork 2\Classwork 2.csproj", "{EF84EA19-B91B-4A19-B902-E00A519A6196}"
EndProject
Global
	GlobalSection(SolutionConfigurationPlatforms) = preSolution
		Debug|Any CPU = Debug|Any CPU
		Release|Any CPU = Release|Any CPU
	EndGlobalSection
	GlobalSection(ProjectConfigurationPlatforms) = postSolution
		{EF84EA19-B91B-4A19-B902-E00A519A6196}.Debug|Any CPU.ActiveCfg = Debug|Any CPU
		{EF84EA19-B91B-4A19-B902-E00A519A6196}.Debug|Any CPU.Build.0 = Debug|Any CPU
		{EF84EA19-B91B-4A19-B902-E00A519A6196}.Release|Any CPU.ActiveCfg = Release|Any CPU
		{EF84EA19-B91B-4A19-B902-E00A519A6196}.Release|Any CPU.Build.0 = Release|Any CPU
	EndGlobalSection
	GlobalSection(SolutionProperties) = preSolution
		HideSolutionNode = FALSE
	EndGlobalSection
	GlobalSection(ExtensibilityGlobals) = postSolution
		SolutionGuid = {ABD86FEE-D290-40DD-91B7-ABB9DB50B298}
	EndGlobalSection
EndGlobal
